
Microsoft Visual Studio Solution File, Format Version 12.00
# Visual Studio Version 16
VisualStudioVersion = 16.0.30907.101
MinimumVisualStudioVersion = 10.0.40219.1
Project("{FAE04EC0-301F-11D3-BF4B-00C04F79EFBC}") = "API_Pessoas", "API_Pessoas\API_Pessoas.csproj", "{D4252203-F91E-487A-8F2A-14A2A71B4BFC}"
EndProject
Global
	GlobalSection(SolutionConfigurationPlatforms) = preSolution
		Debug|Any CPU = Debug|Any CPU
		Release|Any CPU = Release|Any CPU
	EndGlobalSection
	GlobalSection(ProjectConfigurationPlatforms) = postSolution
		{D4252203-F91E-487A-8F2A-14A2A71B4BFC}.Debug|Any CPU.ActiveCfg = Debug|Any CPU
		{D4252203-F91E-487A-8F2A-14A2A71B4BFC}.Debug|Any CPU.Build.0 = Debug|Any CPU
		{D4252203-F91E-487A-8F2A-14A2A71B4BFC}.Release|Any CPU.ActiveCfg = Release|Any CPU
		{D4252203-F91E-487A-8F2A-14A2A71B4BFC}.Release|Any CPU.Build.0 = Release|Any CPU
	EndGlobalSection
	GlobalSection(SolutionProperties) = preSolution
		HideSolutionNode = FALSE
	EndGlobalSection
	GlobalSection(ExtensibilityGlobals) = postSolution
		SolutionGuid = {525BF491-4E86-47F2-8BFD-E0F41909A469}
	EndGlobalSection
EndGlobal
